// !$*UTF8*$!
{
	archiveVersion = 1;
	classes = {
	};
	objectVersion = 46;
	objects = {

/* Begin PBXBuildFile section */
		EA00221B1C2574D200B8EBDD /* AppDelegate.swift in Sources */ = {isa = PBXBuildFile; fileRef = EA00221A1C2574D200B8EBDD /* AppDelegate.swift */; };
		EA00221D1C2574D200B8EBDD /* GameScene.swift in Sources */ = {isa = PBXBuildFile; fileRef = EA00221C1C2574D200B8EBDD /* GameScene.swift */; };
		EA00221F1C2574D200B8EBDD /* GameScene.sks in Resources */ = {isa = PBXBuildFile; fileRef = EA00221E1C2574D200B8EBDD /* GameScene.sks */; };
		EA0022211C2574D200B8EBDD /* Assets.xcassets in Resources */ = {isa = PBXBuildFile; fileRef = EA0022201C2574D200B8EBDD /* Assets.xcassets */; };
		EA0022241C2574D200B8EBDD /* MainMenu.xib in Resources */ = {isa = PBXBuildFile; fileRef = EA0022221C2574D200B8EBDD /* MainMenu.xib */; };
		EA0022341C25A9A400B8EBDD /* images in Resources */ = {isa = PBXBuildFile; fileRef = EA0022331C25A9A400B8EBDD /* images */; };
		EA0022391C25AA5E00B8EBDD /* tank_D.png in Resources */ = {isa = PBXBuildFile; fileRef = EA0022351C25AA5E00B8EBDD /* tank_D.png */; };
		EA00223A1C25AA5E00B8EBDD /* tank_L.png in Resources */ = {isa = PBXBuildFile; fileRef = EA0022361C25AA5E00B8EBDD /* tank_L.png */; };
		EA00223B1C25AA5E00B8EBDD /* tank_R.png in Resources */ = {isa = PBXBuildFile; fileRef = EA0022371C25AA5E00B8EBDD /* tank_R.png */; };
		EA00223C1C25AA5E00B8EBDD /* tank_U.png in Resources */ = {isa = PBXBuildFile; fileRef = EA0022381C25AA5E00B8EBDD /* tank_U.png */; };
/* End PBXBuildFile section */

/* Begin PBXFileReference section */
		EA0022171C2574D200B8EBDD /* JamTanks.app */ = {isa = PBXFileReference; explicitFileType = wrapper.application; includeInIndex = 0; path = JamTanks.app; sourceTree = BUILT_PRODUCTS_DIR; };
		EA00221A1C2574D200B8EBDD /* AppDelegate.swift */ = {isa = PBXFileReference; lastKnownFileType = sourcecode.swift; path = AppDelegate.swift; sourceTree = "<group>"; };
		EA00221C1C2574D200B8EBDD /* GameScene.swift */ = {isa = PBXFileReference; lastKnownFileType = sourcecode.swift; path = GameScene.swift; sourceTree = "<group>"; };
		EA00221E1C2574D200B8EBDD /* GameScene.sks */ = {isa = PBXFileReference; lastKnownFileType = file.sks; path = GameScene.sks; sourceTree = "<group>"; };
		EA0022201C2574D200B8EBDD /* Assets.xcassets */ = {isa = PBXFileReference; lastKnownFileType = folder.assetcatalog; path = Assets.xcassets; sourceTree = "<group>"; };
		EA0022231C2574D200B8EBDD /* Base */ = {isa = PBXFileReference; lastKnownFileType = file.xib; name = Base; path = Base.lproj/MainMenu.xib; sourceTree = "<group>"; };
		EA0022251C2574D200B8EBDD /* Info.plist */ = {isa = PBXFileReference; lastKnownFileType = text.plist.xml; path = Info.plist; sourceTree = "<group>"; };
		EA0022331C25A9A400B8EBDD /* images */ = {isa = PBXFileReference; lastKnownFileType = folder; path = images; sourceTree = "<group>"; };
		EA0022351C25AA5E00B8EBDD /* tank_D.png */ = {isa = PBXFileReference; lastKnownFileType = image.png; path = tank_D.png; sourceTree = "<group>"; };
		EA0022361C25AA5E00B8EBDD /* tank_L.png */ = {isa = PBXFileReference; lastKnownFileType = image.png; path = tank_L.png; sourceTree = "<group>"; };
		EA0022371C25AA5E00B8EBDD /* tank_R.png */ = {isa = PBXFileReference; lastKnownFileType = image.png; path = tank_R.png; sourceTree = "<group>"; };
		EA0022381C25AA5E00B8EBDD /* tank_U.png */ = {isa = PBXFileReference; lastKnownFileType = image.png; path = tank_U.png; sourceTree = "<group>"; };
/* End PBXFileReference section */

/* Begin PBXFrameworksBuildPhase section */
		EA0022141C2574D200B8EBDD /* Frameworks */ = {
			isa = PBXFrameworksBuildPhase;
			buildActionMask = 2147483647;
			files = (
			);
			runOnlyForDeploymentPostprocessing = 0;
		};
/* End PBXFrameworksBuildPhase section */

/* Begin PBXGroup section */
		EA00220E1C2574D200B8EBDD = {
			isa = PBXGroup;
			children = (
				EA0022191C2574D200B8EBDD /* JamTanks */,
				EA0022181C2574D200B8EBDD /* Products */,
				EA0022331C25A9A400B8EBDD /* images */,
			);
			sourceTree = "<group>";
		};
		EA0022181C2574D200B8EBDD /* Products */ = {
			isa = PBXGroup;
			children = (
				EA0022171C2574D200B8EBDD /* JamTanks.app */,
			);
			name = Products;
			sourceTree = "<group>";
		};
		EA0022191C2574D200B8EBDD /* JamTanks */ = {
			isa = PBXGroup;
			children = (
				EA0022351C25AA5E00B8EBDD /* tank_D.png */,
				EA0022361C25AA5E00B8EBDD /* tank_L.png */,
				EA0022371C25AA5E00B8EBDD /* tank_R.png */,
				EA0022381C25AA5E00B8EBDD /* tank_U.png */,
				EA00221A1C2574D200B8EBDD /* AppDelegate.swift */,
				EA00221C1C2574D200B8EBDD /* GameScene.swift */,
				EA00221E1C2574D200B8EBDD /* GameScene.sks */,
				EA0022201C2574D200B8EBDD /* Assets.xcassets */,
				EA0022221C2574D200B8EBDD /* MainMenu.xib */,
				EA0022251C2574D200B8EBDD /* Info.plist */,
			);
			path = JamTanks;
			sourceTree = "<group>";
		};
/* End PBXGroup section */

/* Begin PBXNativeTarget section */
		EA0022161C2574D200B8EBDD /* JamTanks */ = {
			isa = PBXNativeTarget;
			buildConfigurationList = EA0022281C2574D200B8EBDD /* Build configuration list for PBXNativeTarget "JamTanks" */;
			buildPhases = (
				EA0022131C2574D200B8EBDD /* Sources */,
				EA0022141C2574D200B8EBDD /* Frameworks */,
				EA0022151C2574D200B8EBDD /* Resources */,
			);
			buildRules = (
			);
			dependencies = (
			);
			name = JamTanks;
			productName = JamTanks;
			productReference = EA0022171C2574D200B8EBDD /* JamTanks.app */;
			productType = "com.apple.product-type.application";
		};
/* End PBXNativeTarget section */

/* Begin PBXProject section */
		EA00220F1C2574D200B8EBDD /* Project object */ = {
			isa = PBXProject;
			attributes = {
				LastSwiftUpdateCheck = 0720;
				LastUpgradeCheck = 0720;
				ORGANIZATIONNAME = "Swagler Enterprise";
				TargetAttributes = {
					EA0022161C2574D200B8EBDD = {
						CreatedOnToolsVersion = 7.2;
					};
				};
			};
			buildConfigurationList = EA0022121C2574D200B8EBDD /* Build configuration list for PBXProject "JamTanks" */;
			compatibilityVersion = "Xcode 3.2";
			developmentRegion = English;
			hasScannedForEncodings = 0;
			knownRegions = (
				en,
				Base,
			);
			mainGroup = EA00220E1C2574D200B8EBDD;
			productRefGroup = EA0022181C2574D200B8EBDD /* Products */;
			projectDirPath = "";
			projectRoot = "";
			targets = (
				EA0022161C2574D200B8EBDD /* JamTanks */,
			);
		};
/* End PBXProject section */

/* Begin PBXResourcesBuildPhase section */
		EA0022151C2574D200B8EBDD /* Resources */ = {
			isa = PBXResourcesBuildPhase;
			buildActionMask = 2147483647;
			files = (
				EA00223A1C25AA5E00B8EBDD /* tank_L.png in Resources */,
				EA0022341C25A9A400B8EBDD /* images in Resources */,
				EA0022211C2574D200B8EBDD /* Assets.xcassets in Resources */,
				EA00221F1C2574D200B8EBDD /* GameScene.sks in Resources */,
				EA0022241C2574D200B8EBDD /* MainMenu.xib in Resources */,
				EA00223B1C25AA5E00B8EBDD /* tank_R.png in Resources */,
				EA0022391C25AA5E00B8EBDD /* tank_D.png in Resources */,
				EA00223C1C25AA5E00B8EBDD /* tank_U.png in Resources */,
			);
			runOnlyForDeploymentPostprocessing = 0;
		};
/* End PBXResourcesBuildPhase section */

/* Begin PBXSourcesBuildPhase section */
		EA0022131C2574D200B8EBDD /* Sources */ = {
			isa = PBXSourcesBuildPhase;
			buildActionMask = 2147483647;
			files = (
				EA00221D1C2574D200B8EBDD /* GameScene.swift in Sources */,
				EA00221B1C2574D200B8EBDD /* AppDelegate.swift in Sources */,
			);
			runOnlyForDeploymentPostprocessing = 0;
		};
/* End PBXSourcesBuildPhase section */

/* Begin PBXVariantGroup section */
		EA0022221C2574D200B8EBDD /* MainMenu.xib */ = {
			isa = PBXVariantGroup;
			children = (
				EA0022231C2574D200B8EBDD /* Base */,
			);
			name = MainMenu.xib;
			sourceTree = "<group>";
		};
/* End PBXVariantGroup section */

/* Begin XCBuildConfiguration section */
		EA0022261C2574D200B8EBDD /* Debug */ = {
			isa = XCBuildConfiguration;
			buildSettings = {
				ALWAYS_SEARCH_USER_PATHS = NO;
				CLANG_CXX_LANGUAGE_STANDARD = "gnu++0x";
				CLANG_CXX_LIBRARY = "libc++";
				CLANG_ENABLE_MODULES = YES;
				CLANG_ENABLE_OBJC_ARC = YES;
				CLANG_WARN_BOOL_CONVERSION = YES;
				CLANG_WARN_CONSTANT_CONVERSION = YES;
				CLANG_WARN_DIRECT_OBJC_ISA_USAGE = YES_ERROR;
				CLANG_WARN_EMPTY_BODY = YES;
				CLANG_WARN_ENUM_CONVERSION = YES;
				CLANG_WARN_INT_CONVERSION = YES;
				CLANG_WARN_OBJC_ROOT_CLASS = YES_ERROR;
				CLANG_WARN_UNREACHABLE_CODE = YES;
				CLANG_WARN__DUPLICATE_METHOD_MATCH = YES;
				CODE_SIGN_IDENTITY = "-";
				COPY_PHASE_STRIP = NO;
				DEBUG_INFORMATION_FORMAT = "dwarf-with-dsym";
				ENABLE_STRICT_OBJC_MSGSEND = YES;
				ENABLE_TESTABILITY = YES;
				GCC_C_LANGUAGE_STANDARD = gnu99;
				GCC_DYNAMIC_NO_PIC = NO;
				GCC_NO_COMMON_BLOCKS = YES;
				GCC_OPTIMIZATION_LEVEL = 0;
				GCC_PREPROCESSOR_DEFINITIONS = (
					"DEBUG=1",
					"$(inherited)",
				);
				GCC_WARN_64_TO_32_BIT_CONVERSION = YES;
				GCC_WARN_ABOUT_RETURN_TYPE = YES_ERROR;
				GCC_WARN_UNDECLARED_SELECTOR = YES;
				GCC_WARN_UNINITIALIZED_AUTOS = YES_AGGRESSIVE;
				GCC_WARN_UNUSED_FUNCTION = YES;
				GCC_WARN_UNUSED_VARIABLE = YES;
				MACOSX_DEPLOYMENT_TARGET = 10.11;
				MTL_ENABLE_DEBUG_INFO = YES;
				ONLY_ACTIVE_ARCH = YES;
				SDKROOT = macosx;
				SWIFT_OPTIMIZATION_LEVEL = "-Onone";
			};
			name = Debug;
		};
		EA0022271C2574D200B8EBDD /* Release */ = {
			isa = XCBuildConfiguration;
			buildSettings = {
				ALWAYS_SEARCH_USER_PATHS = NO;
				CLANG_CXX_LANGUAGE_STANDARD = "gnu++0x";
				CLANG_CXX_LIBRARY = "libc++";
				CLANG_ENABLE_MODULES = YES;
				CLANG_ENABLE_OBJC_ARC = YES;
				CLANG_WARN_BOOL_CONVERSION = YES;
				CLANG_WARN_CONSTANT_CONVERSION = YES;
				CLANG_WARN_DIRECT_OBJC_ISA_USAGE = YES_ERROR;
				CLANG_WARN_EMPTY_BODY = YES;
				CLANG_WARN_ENUM_CONVERSION = YES;
				CLANG_WARN_INT_CONVERSION = YES;
				CLANG_WARN_OBJC_ROOT_CLASS = YES_ERROR;
				CLANG_WARN_UNREACHABLE_CODE = YES;
				CLANG_WARN__DUPLICATE_METHOD_MATCH = YES;
				CODE_SIGN_IDENTITY = "-";
				COPY_PHASE_STRIP = NO;
				DEBUG_INFORMATION_FORMAT = "dwarf-with-dsym";
				ENABLE_NS_ASSERTIONS = NO;
				ENABLE_STRICT_OBJC_MSGSEND = YES;
				GCC_C_LANGUAGE_STANDARD = gnu99;
				GCC_NO_COMMON_BLOCKS = YES;
				GCC_WARN_64_TO_32_BIT_CONVERSION = YES;
				GCC_WARN_ABOUT_RETURN_TYPE = YES_ERROR;
				GCC_WARN_UNDECLARED_SELECTOR = YES;
				GCC_WARN_UNINITIALIZED_AUTOS = YES_AGGRESSIVE;
				GCC_WARN_UNUSED_FUNCTION = YES;
				GCC_WARN_UNUSED_VARIABLE = YES;
				MACOSX_DEPLOYMENT_TARGET = 10.11;
				MTL_ENABLE_DEBUG_INFO = NO;
				SDKROOT = macosx;
			};
			name = Release;
		};
		EA0022291C2574D200B8EBDD /* Debug */ = {
			isa = XCBuildConfiguration;
			buildSettings = {
				ASSETCATALOG_COMPILER_APPICON_NAME = AppIcon;
				COMBINE_HIDPI_IMAGES = YES;
				INFOPLIST_FILE = JamTanks/Info.plist;
				LD_RUNPATH_SEARCH_PATHS = "$(inherited) @executable_path/../Frameworks";
				PRODUCT_BUNDLE_IDENTIFIER = com.JDoe.JamTanks;
				PRODUCT_NAME = "$(TARGET_NAME)";
			};
			name = Debug;
		};
		EA00222A1C2574D200B8EBDD /* Release */ = {
			isa = XCBuildConfiguration;
			buildSettings = {
				ASSETCATALOG_COMPILER_APPICON_NAME = AppIcon;
				COMBINE_HIDPI_IMAGES = YES;
				INFOPLIST_FILE = JamTanks/Info.plist;
				LD_RUNPATH_SEARCH_PATHS = "$(inherited) @executable_path/../Frameworks";
				PRODUCT_BUNDLE_IDENTIFIER = com.JDoe.JamTanks;
				PRODUCT_NAME = "$(TARGET_NAME)";
			};
			name = Release;
		};
/* End XCBuildConfiguration section */

/* Begin XCConfigurationList section */
		EA0022121C2574D200B8EBDD /* Build configuration list for PBXProject "JamTanks" */ = {
			isa = XCConfigurationList;
			buildConfigurations = (
				EA0022261C2574D200B8EBDD /* Debug */,
				EA0022271C2574D200B8EBDD /* Release */,
			);
			defaultConfigurationIsVisible = 0;
			defaultConfigurationName = Release;
		};
		EA0022281C2574D200B8EBDD /* Build configuration list for PBXNativeTarget "JamTanks" */ = {
			isa = XCConfigurationList;
			buildConfigurations = (
				EA0022291C2574D200B8EBDD /* Debug */,
				EA00222A1C2574D200B8EBDD /* Release */,
			);
			defaultConfigurationIsVisible = 0;
		};
/* End XCConfigurationList section */
	};
	rootObject = EA00220F1C2574D200B8EBDD /* Project object */;
}
